
Microsoft Visual Studio Solution File, Format Version 11.00
# Visual Studio 2010
Project("{8BC9CEB8-8B4A-11D0-8D11-00A0C91BC942}") = "OllyID", "OllyID\OllyID.vcxproj", "{E6CB2969-F5AB-47B5-8A73-A458F98503EB}"
EndProject
Global
	GlobalSection(SolutionConfigurationPlatforms) = preSolution
		Debug|Win32 = Debug|Win32
		Release|Win32 = Release|Win32
	EndGlobalSection
	GlobalSection(ProjectConfigurationPlatforms) = postSolution
		{E6CB2969-F5AB-47B5-8A73-A458F98503EB}.Debug|Win32.ActiveCfg = Release|Win32
		{E6CB2969-F5AB-47B5-8A73-A458F98503EB}.Debug|Win32.Build.0 = Release|Win32
		{E6CB2969-F5AB-47B5-8A73-A458F98503EB}.Release|Win32.ActiveCfg = Release|Win32
		{E6CB2969-F5AB-47B5-8A73-A458F98503EB}.Release|Win32.Build.0 = Release|Win32
	EndGlobalSection
	GlobalSection(SolutionProperties) = preSolution
		HideSolutionNode = FALSE
	EndGlobalSection
EndGlobal
